
Microsoft Visual Studio Solution File, Format Version 11.00
# Visual Studio 2010
Project("{FAE04EC0-301F-11D3-BF4B-00C04F79EFBC}") = "SupperLeg", "Assembly-CSharp-firstpass.csproj", "{07DD5C13-678D-B6FE-7A29-2E201F287590}"
EndProject
Project("{FAE04EC0-301F-11D3-BF4B-00C04F79EFBC}") = "SupperLeg", "Assembly-CSharp.csproj", "{A0CFDE24-B7EC-E268-65FE-F35443322BDC}"
EndProject
Project("{FAE04EC0-301F-11D3-BF4B-00C04F79EFBC}") = "SupperLeg", "Assembly-CSharp-Editor-firstpass.csproj", "{78C60824-47F6-30A5-CC7A-C73F46707AD3}"
EndProject
Global
	GlobalSection(SolutionConfigurationPlatforms) = preSolution
		Debug|Any CPU = Debug|Any CPU
		Release|Any CPU = Release|Any CPU
	EndGlobalSection
	GlobalSection(ProjectConfigurationPlatforms) = postSolution
		{07DD5C13-678D-B6FE-7A29-2E201F287590}.Debug|Any CPU.ActiveCfg = Debug|Any CPU
		{07DD5C13-678D-B6FE-7A29-2E201F287590}.Debug|Any CPU.Build.0 = Debug|Any CPU
		{07DD5C13-678D-B6FE-7A29-2E201F287590}.Release|Any CPU.ActiveCfg = Release|Any CPU
		{07DD5C13-678D-B6FE-7A29-2E201F287590}.Release|Any CPU.Build.0 = Release|Any CPU
		{A0CFDE24-B7EC-E268-65FE-F35443322BDC}.Debug|Any CPU.ActiveCfg = Debug|Any CPU
		{A0CFDE24-B7EC-E268-65FE-F35443322BDC}.Debug|Any CPU.Build.0 = Debug|Any CPU
		{A0CFDE24-B7EC-E268-65FE-F35443322BDC}.Release|Any CPU.ActiveCfg = Release|Any CPU
		{A0CFDE24-B7EC-E268-65FE-F35443322BDC}.Release|Any CPU.Build.0 = Release|Any CPU
		{78C60824-47F6-30A5-CC7A-C73F46707AD3}.Debug|Any CPU.ActiveCfg = Debug|Any CPU
		{78C60824-47F6-30A5-CC7A-C73F46707AD3}.Debug|Any CPU.Build.0 = Debug|Any CPU
		{78C60824-47F6-30A5-CC7A-C73F46707AD3}.Release|Any CPU.ActiveCfg = Release|Any CPU
		{78C60824-47F6-30A5-CC7A-C73F46707AD3}.Release|Any CPU.Build.0 = Release|Any CPU
	EndGlobalSection
	GlobalSection(SolutionProperties) = preSolution
		HideSolutionNode = FALSE
	EndGlobalSection
	GlobalSection(MonoDevelopProperties) = preSolution
		StartupItem = Assembly-CSharp.csproj
	EndGlobalSection
EndGlobal
